{"is_source_file": false, "format": "", "description": "", "external_files": [], "external_methods": [], "published": [], "classes": [], "methods": [], "calls": [], "search-terms": [], "state": 2, "file_id": 18, "knowledge_revision": 151, "git_revision": "", "hash": "78064550c6e427a8aa1cbe7665251be1", "format-version": 4, "code-base-name": "default", "filename": "tic_tac_toe_classic/macos/Runner.xcodeproj/xcshareddata/xcschemes/Runner.xcscheme", "revision_history": [{"151": ""}]}